{
    "name": "malinajs-repl",
    "version": "0.2.3",
    "lockfileVersion": 2,
    "requires": true,
    "packages": {
        "": {
            "name": "malinajs-repl",
            "version": "0.2.3",
            "devDependencies": {
                "acorn": "^8.7.1",
                "astring": "^1.8.1",
                "cjs2es": "^1.1.0",
                "codejar": "^3.5.0",
                "derver": "^0.4.15",
                "esbuild": "^0.12.10",
                "esbuild-svelte": "^0.5.1",
                "fs-extra": "^10.0.0",
                "malinajs": "git+https://github.com/malinajs/malinajs.git",
                "node-watch": "^0.7.1",
                "prismjs": "^1.24.0",
                "rollup": "^2.50.1",
                "storik": "^1.0.3"
            }
        },
        "node_modules/acorn": {
            "version": "8.7.1",
            "resolved": "https://registry.npmjs.org/acorn/-/acorn-8.7.1.tgz",
            "integrity": "sha512-Xx54uLJQZ19lKygFXOWsscKUbsBZW0CPykPhVQdhIeIwrbPmJzqeASDInc8nKBnp/JT6igTs82qPXz069H8I/A==",
            "dev": true,
            "bin": {
                "acorn": "bin/acorn"
            },
            "engines": {
                "node": ">=0.4.0"
            }
        },
        "node_modules/astring": {
            "version": "1.8.3",
            "resolved": "https://registry.npmjs.org/astring/-/astring-1.8.3.tgz",
            "integrity": "sha512-sRpyiNrx2dEYIMmUXprS8nlpRg2Drs8m9ElX9vVEXaCB4XEAJhKfs7IcX0IwShjuOAjLR6wzIrgoptz1n19i1A==",
            "dev": true,
            "bin": {
                "astring": "bin/astring"
            }
        },
        "node_modules/cjs2es": {
            "version": "1.1.1",
            "resolved": "https://registry.npmjs.org/cjs2es/-/cjs2es-1.1.1.tgz",
            "integrity": "sha512-EJot4tJG3WTLK7Eatnm80vIOiFgeS2G2oFahznPKsVqYJ4Rw3cLEfnsk/SFiwT9nVKgJOIdIl4zQVC/BM0421Q==",
            "dev": true,
            "dependencies": {
                "acorn": "^7.1.1"
            }
        },
        "node_modules/cjs2es/node_modules/acorn": {
            "version": "7.4.1",
            "resolved": "https://registry.npmjs.org/acorn/-/acorn-7.4.1.tgz",
            "integrity": "sha512-nQyp0o1/mNdbTO1PO6kHkwSrmgZ0MT/jCCpNiwbUjGoRN4dlBhqJtoQuCnEOKzgTVwg0ZWiCoQy6SxMebQVh8A==",
            "dev": true,
            "bin": {
                "acorn": "bin/acorn"
            },
            "engines": {
                "node": ">=0.4.0"
            }
        },
        "node_modules/codejar": {
            "version": "3.5.0",
            "resolved": "https://registry.npmjs.org/codejar/-/codejar-3.5.0.tgz",
            "integrity": "sha512-uXrFZZ+yb23YY7+WtTux2Yyokt+Lty/kBnW/OhhEGp8IW8/lrJw5Gs1wwCyt2vpMfsVdudLmV5xAgYqsZY/49A==",
            "dev": true
        },
        "node_modules/css-tree": {
            "version": "1.1.2",
            "resolved": "https://registry.npmjs.org/css-tree/-/css-tree-1.1.2.tgz",
            "integrity": "sha512-wCoWush5Aeo48GLhfHPbmvZs59Z+M7k5+B1xDnXbdWNcEF423DoFdqSWE0PM5aNk5nI5cp1q7ms36zGApY/sKQ==",
            "dev": true,
            "dependencies": {
                "mdn-data": "2.0.14",
                "source-map": "^0.6.1"
            },
            "engines": {
                "node": ">=8.0.0"
            }
        },
        "node_modules/derver": {
            "version": "0.4.15",
            "resolved": "https://registry.npmjs.org/derver/-/derver-0.4.15.tgz",
            "integrity": "sha512-wH0jxYB+uJaPYMP2UsEt4xgC6jTbniXbuv/TcQXzSUWSogL9/xfLOLtZ3qey8uxSZXtgQWvWL5qio3OkLbNQiQ==",
            "dev": true,
            "bin": {
                "derver": "bin/derver"
            }
        },
        "node_modules/esbuild": {
            "version": "0.12.10",
            "resolved": "https://registry.npmjs.org/esbuild/-/esbuild-0.12.10.tgz",
            "integrity": "sha512-KTZ84HqvKL1V76cVwv5W2/es+Bhdv8O9DYRKhJ0wHf1d2iLH6WEGX0zh7W+UzniWnZbUZg2c7GsdH2aWeFsfzQ==",
            "dev": true,
            "hasInstallScript": true,
            "bin": {
                "esbuild": "bin/esbuild"
            }
        },
        "node_modules/esbuild-svelte": {
            "version": "0.5.1",
            "resolved": "https://registry.npmjs.org/esbuild-svelte/-/esbuild-svelte-0.5.1.tgz",
            "integrity": "sha512-df22x5t0zVjp/NVvFK5pF17U6C4A/2Ce1uE6oxk1Y081unR17/9PTZ/kVLlUDH4bgS7rlpFOULVqkawRFrM53w==",
            "dev": true,
            "dependencies": {
                "svelte": "^3.38.2"
            },
            "peerDependencies": {
                "esbuild": ">=0.9.6"
            }
        },
        "node_modules/fs-extra": {
            "version": "10.0.0",
            "resolved": "https://registry.npmjs.org/fs-extra/-/fs-extra-10.0.0.tgz",
            "integrity": "sha512-C5owb14u9eJwizKGdchcDUQeFtlSHHthBk8pbX9Vc1PFZrLombudjDnNns88aYslCyF6IY5SUw3Roz6xShcEIQ==",
            "dev": true,
            "dependencies": {
                "graceful-fs": "^4.2.0",
                "jsonfile": "^6.0.1",
                "universalify": "^2.0.0"
            },
            "engines": {
                "node": ">=12"
            }
        },
        "node_modules/fsevents": {
            "version": "2.3.2",
            "resolved": "https://registry.npmjs.org/fsevents/-/fsevents-2.3.2.tgz",
            "integrity": "sha512-xiqMQR4xAeHTuB9uWm+fFRcIOgKBMiOBP+eXiyT7jsgVCq1bkVygt00oASowB7EdtpOHaaPgKt812P9ab+DDKA==",
            "dev": true,
            "hasInstallScript": true,
            "optional": true,
            "os": [
                "darwin"
            ],
            "engines": {
                "node": "^8.16.0 || ^10.6.0 || >=11.0.0"
            }
        },
        "node_modules/graceful-fs": {
            "version": "4.2.4",
            "resolved": "https://registry.npmjs.org/graceful-fs/-/graceful-fs-4.2.4.tgz",
            "integrity": "sha512-WjKPNJF79dtJAVniUlGGWHYGz2jWxT6VhN/4m1NdkbZ2nOsEF+cI1Edgql5zCRhs/VsQYRvrXctxktVXZUkixw==",
            "dev": true
        },
        "node_modules/jsonfile": {
            "version": "6.1.0",
            "resolved": "https://registry.npmjs.org/jsonfile/-/jsonfile-6.1.0.tgz",
            "integrity": "sha512-5dgndWOriYSm5cnYaJNhalLNDKOqFwyDB/rr1E9ZsGciGvKPs8R2xYGCacuf3z6K1YKDz182fd+fY3cn3pMqXQ==",
            "dev": true,
            "dependencies": {
                "graceful-fs": "^4.1.6",
                "universalify": "^2.0.0"
            }
        },
        "node_modules/malinajs": {
            "resolved": "git+ssh://git@github.com/malinajs/malinajs.git#71d486e12cc9a0d9885251d386eeb31607634358",
            "dev": true,
            "dependencies": {
                "acorn": "^7.3.1",
                "astring": "^1.4.3",
                "css-tree": "^1.0.0-alpha.39"
            }
        },
        "node_modules/malinajs/node_modules/acorn": {
            "version": "7.4.1",
            "resolved": "https://registry.npmjs.org/acorn/-/acorn-7.4.1.tgz",
            "integrity": "sha512-nQyp0o1/mNdbTO1PO6kHkwSrmgZ0MT/jCCpNiwbUjGoRN4dlBhqJtoQuCnEOKzgTVwg0ZWiCoQy6SxMebQVh8A==",
            "dev": true,
            "bin": {
                "acorn": "bin/acorn"
            },
            "engines": {
                "node": ">=0.4.0"
            }
        },
        "node_modules/mdn-data": {
            "version": "2.0.14",
            "resolved": "https://registry.npmjs.org/mdn-data/-/mdn-data-2.0.14.tgz",
            "integrity": "sha512-dn6wd0uw5GsdswPFfsgMp5NSB0/aDe6fK94YJV/AJDYXL6HVLWBsxeq7js7Ad+mU2K9LAlwpk6kN2D5mwCPVow==",
            "dev": true
        },
        "node_modules/node-watch": {
            "version": "0.7.1",
            "resolved": "https://registry.npmjs.org/node-watch/-/node-watch-0.7.1.tgz",
            "integrity": "sha512-UWblPYuZYrkCQCW5PxAwYSxaELNBLUckrTBBk8xr1/bUgyOkYYTsUcV4e3ytcazFEOyiRyiUrsG37pu6I0I05g==",
            "dev": true,
            "engines": {
                "node": ">=6"
            }
        },
        "node_modules/prismjs": {
            "version": "1.24.0",
            "resolved": "https://registry.npmjs.org/prismjs/-/prismjs-1.24.0.tgz",
            "integrity": "sha512-SqV5GRsNqnzCL8k5dfAjCNhUrF3pR0A9lTDSCUZeh/LIshheXJEaP0hwLz2t4XHivd2J/v2HR+gRnigzeKe3cQ==",
            "dev": true
        },
        "node_modules/rollup": {
            "version": "2.50.1",
            "resolved": "https://registry.npmjs.org/rollup/-/rollup-2.50.1.tgz",
            "integrity": "sha512-3MQhSdGpms4xjYrtR3WNHMT+VrWWM4oqUxUC770MmLo1FWFR2pr/OL81HSPC/ifmiu0uMFk0qPGLmjkSMRIESw==",
            "dev": true,
            "bin": {
                "rollup": "dist/bin/rollup"
            },
            "engines": {
                "node": ">=10.0.0"
            },
            "optionalDependencies": {
                "fsevents": "~2.3.1"
            }
        },
        "node_modules/source-map": {
            "version": "0.6.1",
            "resolved": "https://registry.npmjs.org/source-map/-/source-map-0.6.1.tgz",
            "integrity": "sha512-UjgapumWlbMhkBgzT7Ykc5YXUT46F0iKu8SGXq0bcwP5dz/h0Plj6enJqjz1Zbq2l5WaqYnrVbwWOWMyF3F47g==",
            "dev": true,
            "engines": {
                "node": ">=0.10.0"
            }
        },
        "node_modules/storik": {
            "version": "1.0.3",
            "resolved": "https://registry.npmjs.org/storik/-/storik-1.0.3.tgz",
            "integrity": "sha512-VkiPjB2ZTGbVqgcdMZtOTdSg/TlKolIfFBJFwYQFPFDIqpLJBxZQ9jLcjuSG/UK9fvqVAthual0qfXHtXRXwyA==",
            "dev": true
        },
        "node_modules/svelte": {
            "version": "3.49.0",
            "resolved": "https://registry.npmjs.org/svelte/-/svelte-3.49.0.tgz",
            "integrity": "sha512-+lmjic1pApJWDfPCpUUTc1m8azDqYCG1JN9YEngrx/hUyIcFJo6VZhj0A1Ai0wqoHcEIuQy+e9tk+4uDgdtsFA==",
            "dev": true,
            "engines": {
                "node": ">= 8"
            }
        },
        "node_modules/universalify": {
            "version": "2.0.0",
            "resolved": "https://registry.npmjs.org/universalify/-/universalify-2.0.0.tgz",
            "integrity": "sha512-hAZsKq7Yy11Zu1DE0OzWjw7nnLZmJZYTDZZyEFHZdUhV8FkH5MCfoU1XMaxXovpyW5nq5scPqq0ZDP9Zyl04oQ==",
            "dev": true,
            "engines": {
                "node": ">= 10.0.0"
            }
        }
    },
    "dependencies": {
        "acorn": {
            "version": "8.7.1",
            "resolved": "https://registry.npmjs.org/acorn/-/acorn-8.7.1.tgz",
            "integrity": "sha512-Xx54uLJQZ19lKygFXOWsscKUbsBZW0CPykPhVQdhIeIwrbPmJzqeASDInc8nKBnp/JT6igTs82qPXz069H8I/A==",
            "dev": true
        },
        "astring": {
            "version": "1.8.3",
            "resolved": "https://registry.npmjs.org/astring/-/astring-1.8.3.tgz",
            "integrity": "sha512-sRpyiNrx2dEYIMmUXprS8nlpRg2Drs8m9ElX9vVEXaCB4XEAJhKfs7IcX0IwShjuOAjLR6wzIrgoptz1n19i1A==",
            "dev": true
        },
        "cjs2es": {
            "version": "1.1.1",
            "resolved": "https://registry.npmjs.org/cjs2es/-/cjs2es-1.1.1.tgz",
            "integrity": "sha512-EJot4tJG3WTLK7Eatnm80vIOiFgeS2G2oFahznPKsVqYJ4Rw3cLEfnsk/SFiwT9nVKgJOIdIl4zQVC/BM0421Q==",
            "dev": true,
            "requires": {
                "acorn": "^7.1.1"
            },
            "dependencies": {
                "acorn": {
                    "version": "7.4.1",
                    "resolved": "https://registry.npmjs.org/acorn/-/acorn-7.4.1.tgz",
                    "integrity": "sha512-nQyp0o1/mNdbTO1PO6kHkwSrmgZ0MT/jCCpNiwbUjGoRN4dlBhqJtoQuCnEOKzgTVwg0ZWiCoQy6SxMebQVh8A==",
                    "dev": true
                }
            }
        },
        "codejar": {
            "version": "3.5.0",
            "resolved": "https://registry.npmjs.org/codejar/-/codejar-3.5.0.tgz",
            "integrity": "sha512-uXrFZZ+yb23YY7+WtTux2Yyokt+Lty/kBnW/OhhEGp8IW8/lrJw5Gs1wwCyt2vpMfsVdudLmV5xAgYqsZY/49A==",
            "dev": true
        },
        "css-tree": {
            "version": "1.1.2",
            "resolved": "https://registry.npmjs.org/css-tree/-/css-tree-1.1.2.tgz",
            "integrity": "sha512-wCoWush5Aeo48GLhfHPbmvZs59Z+M7k5+B1xDnXbdWNcEF423DoFdqSWE0PM5aNk5nI5cp1q7ms36zGApY/sKQ==",
            "dev": true,
            "requires": {
                "mdn-data": "2.0.14",
                "source-map": "^0.6.1"
            }
        },
        "derver": {
            "version": "0.4.15",
            "resolved": "https://registry.npmjs.org/derver/-/derver-0.4.15.tgz",
            "integrity": "sha512-wH0jxYB+uJaPYMP2UsEt4xgC6jTbniXbuv/TcQXzSUWSogL9/xfLOLtZ3qey8uxSZXtgQWvWL5qio3OkLbNQiQ==",
            "dev": true
        },
        "esbuild": {
            "version": "0.12.10",
            "resolved": "https://registry.npmjs.org/esbuild/-/esbuild-0.12.10.tgz",
            "integrity": "sha512-KTZ84HqvKL1V76cVwv5W2/es+Bhdv8O9DYRKhJ0wHf1d2iLH6WEGX0zh7W+UzniWnZbUZg2c7GsdH2aWeFsfzQ==",
            "dev": true
        },
        "esbuild-svelte": {
            "version": "0.5.1",
            "resolved": "https://registry.npmjs.org/esbuild-svelte/-/esbuild-svelte-0.5.1.tgz",
            "integrity": "sha512-df22x5t0zVjp/NVvFK5pF17U6C4A/2Ce1uE6oxk1Y081unR17/9PTZ/kVLlUDH4bgS7rlpFOULVqkawRFrM53w==",
            "dev": true,
            "requires": {
                "svelte": "^3.38.2"
            }
        },
        "fs-extra": {
            "version": "10.0.0",
            "resolved": "https://registry.npmjs.org/fs-extra/-/fs-extra-10.0.0.tgz",
            "integrity": "sha512-C5owb14u9eJwizKGdchcDUQeFtlSHHthBk8pbX9Vc1PFZrLombudjDnNns88aYslCyF6IY5SUw3Roz6xShcEIQ==",
            "dev": true,
            "requires": {
                "graceful-fs": "^4.2.0",
                "jsonfile": "^6.0.1",
                "universalify": "^2.0.0"
            }
        },
        "fsevents": {
            "version": "2.3.2",
            "resolved": "https://registry.npmjs.org/fsevents/-/fsevents-2.3.2.tgz",
            "integrity": "sha512-xiqMQR4xAeHTuB9uWm+fFRcIOgKBMiOBP+eXiyT7jsgVCq1bkVygt00oASowB7EdtpOHaaPgKt812P9ab+DDKA==",
            "dev": true,
            "optional": true
        },
        "graceful-fs": {
            "version": "4.2.4",
            "resolved": "https://registry.npmjs.org/graceful-fs/-/graceful-fs-4.2.4.tgz",
            "integrity": "sha512-WjKPNJF79dtJAVniUlGGWHYGz2jWxT6VhN/4m1NdkbZ2nOsEF+cI1Edgql5zCRhs/VsQYRvrXctxktVXZUkixw==",
            "dev": true
        },
        "jsonfile": {
            "version": "6.1.0",
            "resolved": "https://registry.npmjs.org/jsonfile/-/jsonfile-6.1.0.tgz",
            "integrity": "sha512-5dgndWOriYSm5cnYaJNhalLNDKOqFwyDB/rr1E9ZsGciGvKPs8R2xYGCacuf3z6K1YKDz182fd+fY3cn3pMqXQ==",
            "dev": true,
            "requires": {
                "graceful-fs": "^4.1.6",
                "universalify": "^2.0.0"
            }
        },
        "malinajs": {
            "version": "git+ssh://git@github.com/malinajs/malinajs.git#71d486e12cc9a0d9885251d386eeb31607634358",
            "dev": true,
            "from": "malinajs@git+https://github.com/malinajs/malinajs.git",
            "requires": {
                "acorn": "^7.3.1",
                "astring": "^1.4.3",
                "css-tree": "^1.0.0-alpha.39"
            },
            "dependencies": {
                "acorn": {
                    "version": "7.4.1",
                    "resolved": "https://registry.npmjs.org/acorn/-/acorn-7.4.1.tgz",
                    "integrity": "sha512-nQyp0o1/mNdbTO1PO6kHkwSrmgZ0MT/jCCpNiwbUjGoRN4dlBhqJtoQuCnEOKzgTVwg0ZWiCoQy6SxMebQVh8A==",
                    "dev": true
                }
            }
        },
        "mdn-data": {
            "version": "2.0.14",
            "resolved": "https://registry.npmjs.org/mdn-data/-/mdn-data-2.0.14.tgz",
            "integrity": "sha512-dn6wd0uw5GsdswPFfsgMp5NSB0/aDe6fK94YJV/AJDYXL6HVLWBsxeq7js7Ad+mU2K9LAlwpk6kN2D5mwCPVow==",
            "dev": true
        },
        "node-watch": {
            "version": "0.7.1",
            "resolved": "https://registry.npmjs.org/node-watch/-/node-watch-0.7.1.tgz",
            "integrity": "sha512-UWblPYuZYrkCQCW5PxAwYSxaELNBLUckrTBBk8xr1/bUgyOkYYTsUcV4e3ytcazFEOyiRyiUrsG37pu6I0I05g==",
            "dev": true
        },
        "prismjs": {
            "version": "1.24.0",
            "resolved": "https://registry.npmjs.org/prismjs/-/prismjs-1.24.0.tgz",
            "integrity": "sha512-SqV5GRsNqnzCL8k5dfAjCNhUrF3pR0A9lTDSCUZeh/LIshheXJEaP0hwLz2t4XHivd2J/v2HR+gRnigzeKe3cQ==",
            "dev": true
        },
        "rollup": {
            "version": "2.50.1",
            "resolved": "https://registry.npmjs.org/rollup/-/rollup-2.50.1.tgz",
            "integrity": "sha512-3MQhSdGpms4xjYrtR3WNHMT+VrWWM4oqUxUC770MmLo1FWFR2pr/OL81HSPC/ifmiu0uMFk0qPGLmjkSMRIESw==",
            "dev": true,
            "requires": {
                "fsevents": "~2.3.1"
            }
        },
        "source-map": {
            "version": "0.6.1",
            "resolved": "https://registry.npmjs.org/source-map/-/source-map-0.6.1.tgz",
            "integrity": "sha512-UjgapumWlbMhkBgzT7Ykc5YXUT46F0iKu8SGXq0bcwP5dz/h0Plj6enJqjz1Zbq2l5WaqYnrVbwWOWMyF3F47g==",
            "dev": true
        },
        "storik": {
            "version": "1.0.3",
            "resolved": "https://registry.npmjs.org/storik/-/storik-1.0.3.tgz",
            "integrity": "sha512-VkiPjB2ZTGbVqgcdMZtOTdSg/TlKolIfFBJFwYQFPFDIqpLJBxZQ9jLcjuSG/UK9fvqVAthual0qfXHtXRXwyA==",
            "dev": true
        },
        "svelte": {
            "version": "3.49.0",
            "resolved": "https://registry.npmjs.org/svelte/-/svelte-3.49.0.tgz",
            "integrity": "sha512-+lmjic1pApJWDfPCpUUTc1m8azDqYCG1JN9YEngrx/hUyIcFJo6VZhj0A1Ai0wqoHcEIuQy+e9tk+4uDgdtsFA==",
            "dev": true
        },
        "universalify": {
            "version": "2.0.0",
            "resolved": "https://registry.npmjs.org/universalify/-/universalify-2.0.0.tgz",
            "integrity": "sha512-hAZsKq7Yy11Zu1DE0OzWjw7nnLZmJZYTDZZyEFHZdUhV8FkH5MCfoU1XMaxXovpyW5nq5scPqq0ZDP9Zyl04oQ==",
            "dev": true
        }
    }
}
